// !$*UTF8*$!
{
	archiveVersion = 1;
	classes = {
	};
	objectVersion = 46;
	objects = {

/* Begin PBXBuildFile section */
		C7A2E4CA1BAB49E000F8AA1E /* main.m in Sources */ = {isa = PBXBuildFile; fileRef = C7A2E4C91BAB49E000F8AA1E /* main.m */; };
		C7A2E4CD1BAB49E000F8AA1E /* AppDelegate.m in Sources */ = {isa = PBXBuildFile; fileRef = C7A2E4CC1BAB49E000F8AA1E /* AppDelegate.m */; };
		C7A2E4D01BAB49E000F8AA1E /* ViewController.m in Sources */ = {isa = PBXBuildFile; fileRef = C7A2E4CF1BAB49E000F8AA1E /* ViewController.m */; };
		C7A2E4D31BAB49E000F8AA1E /* Main.storyboard in Resources */ = {isa = PBXBuildFile; fileRef = C7A2E4D11BAB49E000F8AA1E /* Main.storyboard */; };
		C7A2E4D61BAB49E000F8AA1E /* Receipts__.xcdatamodeld in Sources */ = {isa = PBXBuildFile; fileRef = C7A2E4D41BAB49E000F8AA1E /* Receipts__.xcdatamodeld */; };
		C7A2E4D81BAB49E000F8AA1E /* Assets.xcassets in Resources */ = {isa = PBXBuildFile; fileRef = C7A2E4D71BAB49E000F8AA1E /* Assets.xcassets */; };
		C7A2E4DB1BAB49E000F8AA1E /* LaunchScreen.storyboard in Resources */ = {isa = PBXBuildFile; fileRef = C7A2E4D91BAB49E000F8AA1E /* LaunchScreen.storyboard */; };
		C7A2E4E41BAB4EFE00F8AA1E /* CoreDataStack.m in Sources */ = {isa = PBXBuildFile; fileRef = C7A2E4E31BAB4EFE00F8AA1E /* CoreDataStack.m */; settings = {ASSET_TAGS = (); }; };
		C7A2E4ED1BAB506E00F8AA1E /* Tag+CoreDataProperties.m in Sources */ = {isa = PBXBuildFile; fileRef = C7A2E4E61BAB506E00F8AA1E /* Tag+CoreDataProperties.m */; settings = {ASSET_TAGS = (); }; };
		C7A2E4EE1BAB506E00F8AA1E /* Tag.m in Sources */ = {isa = PBXBuildFile; fileRef = C7A2E4E81BAB506E00F8AA1E /* Tag.m */; settings = {ASSET_TAGS = (); }; };
		C7A2E4EF1BAB506E00F8AA1E /* Receipt+CoreDataProperties.m in Sources */ = {isa = PBXBuildFile; fileRef = C7A2E4EA1BAB506E00F8AA1E /* Receipt+CoreDataProperties.m */; settings = {ASSET_TAGS = (); }; };
		C7A2E4F01BAB506E00F8AA1E /* Receipt.m in Sources */ = {isa = PBXBuildFile; fileRef = C7A2E4EC1BAB506E00F8AA1E /* Receipt.m */; settings = {ASSET_TAGS = (); }; };
		C7A2E51D1BAB644400F8AA1E /* AddEditViewController.m in Sources */ = {isa = PBXBuildFile; fileRef = C7A2E51C1BAB644400F8AA1E /* AddEditViewController.m */; settings = {ASSET_TAGS = (); }; };
/* End PBXBuildFile section */

/* Begin PBXFileReference section */
		C7A2E4C51BAB49E000F8AA1E /* Receipts++.app */ = {isa = PBXFileReference; explicitFileType = wrapper.application; includeInIndex = 0; path = "Receipts++.app"; sourceTree = BUILT_PRODUCTS_DIR; };
		C7A2E4C91BAB49E000F8AA1E /* main.m */ = {isa = PBXFileReference; lastKnownFileType = sourcecode.c.objc; path = main.m; sourceTree = "<group>"; };
		C7A2E4CB1BAB49E000F8AA1E /* AppDelegate.h */ = {isa = PBXFileReference; lastKnownFileType = sourcecode.c.h; path = AppDelegate.h; sourceTree = "<group>"; };
		C7A2E4CC1BAB49E000F8AA1E /* AppDelegate.m */ = {isa = PBXFileReference; lastKnownFileType = sourcecode.c.objc; path = AppDelegate.m; sourceTree = "<group>"; };
		C7A2E4CE1BAB49E000F8AA1E /* ViewController.h */ = {isa = PBXFileReference; lastKnownFileType = sourcecode.c.h; path = ViewController.h; sourceTree = "<group>"; };
		C7A2E4CF1BAB49E000F8AA1E /* ViewController.m */ = {isa = PBXFileReference; lastKnownFileType = sourcecode.c.objc; path = ViewController.m; sourceTree = "<group>"; };
		C7A2E4D21BAB49E000F8AA1E /* Base */ = {isa = PBXFileReference; lastKnownFileType = file.storyboard; name = Base; path = Base.lproj/Main.storyboard; sourceTree = "<group>"; };
		C7A2E4D51BAB49E000F8AA1E /* Receipts__.xcdatamodel */ = {isa = PBXFileReference; lastKnownFileType = wrapper.xcdatamodel; path = Receipts__.xcdatamodel; sourceTree = "<group>"; };
		C7A2E4D71BAB49E000F8AA1E /* Assets.xcassets */ = {isa = PBXFileReference; lastKnownFileType = folder.assetcatalog; path = Assets.xcassets; sourceTree = "<group>"; };
		C7A2E4DA1BAB49E000F8AA1E /* Base */ = {isa = PBXFileReference; lastKnownFileType = file.storyboard; name = Base; path = Base.lproj/LaunchScreen.storyboard; sourceTree = "<group>"; };
		C7A2E4DC1BAB49E000F8AA1E /* Info.plist */ = {isa = PBXFileReference; lastKnownFileType = text.plist.xml; path = Info.plist; sourceTree = "<group>"; };
		C7A2E4E21BAB4EFE00F8AA1E /* CoreDataStack.h */ = {isa = PBXFileReference; fileEncoding = 4; lastKnownFileType = sourcecode.c.h; path = CoreDataStack.h; sourceTree = "<group>"; };
		C7A2E4E31BAB4EFE00F8AA1E /* CoreDataStack.m */ = {isa = PBXFileReference; fileEncoding = 4; lastKnownFileType = sourcecode.c.objc; path = CoreDataStack.m; sourceTree = "<group>"; };
		C7A2E4E51BAB506E00F8AA1E /* Tag+CoreDataProperties.h */ = {isa = PBXFileReference; fileEncoding = 4; lastKnownFileType = sourcecode.c.h; path = "Tag+CoreDataProperties.h"; sourceTree = "<group>"; };
		C7A2E4E61BAB506E00F8AA1E /* Tag+CoreDataProperties.m */ = {isa = PBXFileReference; fileEncoding = 4; lastKnownFileType = sourcecode.c.objc; path = "Tag+CoreDataProperties.m"; sourceTree = "<group>"; };
		C7A2E4E71BAB506E00F8AA1E /* Tag.h */ = {isa = PBXFileReference; fileEncoding = 4; lastKnownFileType = sourcecode.c.h; path = Tag.h; sourceTree = "<group>"; };
		C7A2E4E81BAB506E00F8AA1E /* Tag.m */ = {isa = PBXFileReference; fileEncoding = 4; lastKnownFileType = sourcecode.c.objc; path = Tag.m; sourceTree = "<group>"; };
		C7A2E4E91BAB506E00F8AA1E /* Receipt+CoreDataProperties.h */ = {isa = PBXFileReference; fileEncoding = 4; lastKnownFileType = sourcecode.c.h; path = "Receipt+CoreDataProperties.h"; sourceTree = "<group>"; };
		C7A2E4EA1BAB506E00F8AA1E /* Receipt+CoreDataProperties.m */ = {isa = PBXFileReference; fileEncoding = 4; lastKnownFileType = sourcecode.c.objc; path = "Receipt+CoreDataProperties.m"; sourceTree = "<group>"; };
		C7A2E4EB1BAB506E00F8AA1E /* Receipt.h */ = {isa = PBXFileReference; fileEncoding = 4; lastKnownFileType = sourcecode.c.h; path = Receipt.h; sourceTree = "<group>"; };
		C7A2E4EC1BAB506E00F8AA1E /* Receipt.m */ = {isa = PBXFileReference; fileEncoding = 4; lastKnownFileType = sourcecode.c.objc; path = Receipt.m; sourceTree = "<group>"; };
		C7A2E4F41BAB52D200F8AA1E /* Strings.h */ = {isa = PBXFileReference; fileEncoding = 4; lastKnownFileType = sourcecode.c.h; path = Strings.h; sourceTree = "<group>"; };
		C7A2E51B1BAB644400F8AA1E /* AddEditViewController.h */ = {isa = PBXFileReference; fileEncoding = 4; lastKnownFileType = sourcecode.c.h; path = AddEditViewController.h; sourceTree = "<group>"; };
		C7A2E51C1BAB644400F8AA1E /* AddEditViewController.m */ = {isa = PBXFileReference; fileEncoding = 4; lastKnownFileType = sourcecode.c.objc; path = AddEditViewController.m; sourceTree = "<group>"; };
/* End PBXFileReference section */

/* Begin PBXFrameworksBuildPhase section */
		C7A2E4C21BAB49E000F8AA1E /* Frameworks */ = {
			isa = PBXFrameworksBuildPhase;
			buildActionMask = 2147483647;
			files = (
			);
			runOnlyForDeploymentPostprocessing = 0;
		};
/* End PBXFrameworksBuildPhase section */

/* Begin PBXGroup section */
		C7A2E4BC1BAB49E000F8AA1E = {
			isa = PBXGroup;
			children = (
				C7A2E4C71BAB49E000F8AA1E /* Receipts++ */,
				C7A2E4C61BAB49E000F8AA1E /* Products */,
			);
			sourceTree = "<group>";
		};
		C7A2E4C61BAB49E000F8AA1E /* Products */ = {
			isa = PBXGroup;
			children = (
				C7A2E4C51BAB49E000F8AA1E /* Receipts++.app */,
			);
			name = Products;
			sourceTree = "<group>";
		};
		C7A2E4C71BAB49E000F8AA1E /* Receipts++ */ = {
			isa = PBXGroup;
			children = (
				C7A2E4F41BAB52D200F8AA1E /* Strings.h */,
				C7A2E4CB1BAB49E000F8AA1E /* AppDelegate.h */,
				C7A2E4CC1BAB49E000F8AA1E /* AppDelegate.m */,
				C7A2E4F11BAB507800F8AA1E /* Model */,
				C7A2E4F21BAB508400F8AA1E /* Controller */,
				C7A2E4F31BAB50AE00F8AA1E /* View */,
				C7A2E4DC1BAB49E000F8AA1E /* Info.plist */,
				C7A2E4C81BAB49E000F8AA1E /* Supporting Files */,
			);
			path = "Receipts++";
			sourceTree = "<group>";
		};
		C7A2E4C81BAB49E000F8AA1E /* Supporting Files */ = {
			isa = PBXGroup;
			children = (
				C7A2E4C91BAB49E000F8AA1E /* main.m */,
			);
			name = "Supporting Files";
			sourceTree = "<group>";
		};
		C7A2E4F11BAB507800F8AA1E /* Model */ = {
			isa = PBXGroup;
			children = (
				C7A2E4D41BAB49E000F8AA1E /* Receipts__.xcdatamodeld */,
				C7A2E4E21BAB4EFE00F8AA1E /* CoreDataStack.h */,
				C7A2E4E31BAB4EFE00F8AA1E /* CoreDataStack.m */,
				C7A2E4E91BAB506E00F8AA1E /* Receipt+CoreDataProperties.h */,
				C7A2E4EA1BAB506E00F8AA1E /* Receipt+CoreDataProperties.m */,
				C7A2E4EB1BAB506E00F8AA1E /* Receipt.h */,
				C7A2E4EC1BAB506E00F8AA1E /* Receipt.m */,
				C7A2E4E51BAB506E00F8AA1E /* Tag+CoreDataProperties.h */,
				C7A2E4E61BAB506E00F8AA1E /* Tag+CoreDataProperties.m */,
				C7A2E4E71BAB506E00F8AA1E /* Tag.h */,
				C7A2E4E81BAB506E00F8AA1E /* Tag.m */,
			);
			name = Model;
			sourceTree = "<group>";
		};
		C7A2E4F21BAB508400F8AA1E /* Controller */ = {
			isa = PBXGroup;
			children = (
				C7A2E51B1BAB644400F8AA1E /* AddEditViewController.h */,
				C7A2E51C1BAB644400F8AA1E /* AddEditViewController.m */,
				C7A2E4CE1BAB49E000F8AA1E /* ViewController.h */,
				C7A2E4CF1BAB49E000F8AA1E /* ViewController.m */,
			);
			name = Controller;
			sourceTree = "<group>";
		};
		C7A2E4F31BAB50AE00F8AA1E /* View */ = {
			isa = PBXGroup;
			children = (
				C7A2E4D11BAB49E000F8AA1E /* Main.storyboard */,
				C7A2E4D71BAB49E000F8AA1E /* Assets.xcassets */,
				C7A2E4D91BAB49E000F8AA1E /* LaunchScreen.storyboard */,
			);
			name = View;
			sourceTree = "<group>";
		};
/* End PBXGroup section */

/* Begin PBXNativeTarget section */
		C7A2E4C41BAB49E000F8AA1E /* Receipts++ */ = {
			isa = PBXNativeTarget;
			buildConfigurationList = C7A2E4DF1BAB49E000F8AA1E /* Build configuration list for PBXNativeTarget "Receipts++" */;
			buildPhases = (
				C7A2E4C11BAB49E000F8AA1E /* Sources */,
				C7A2E4C21BAB49E000F8AA1E /* Frameworks */,
				C7A2E4C31BAB49E000F8AA1E /* Resources */,
			);
			buildRules = (
			);
			dependencies = (
			);
			name = "Receipts++";
			productName = "Receipts++";
			productReference = C7A2E4C51BAB49E000F8AA1E /* Receipts++.app */;
			productType = "com.apple.product-type.application";
		};
/* End PBXNativeTarget section */

/* Begin PBXProject section */
		C7A2E4BD1BAB49E000F8AA1E /* Project object */ = {
			isa = PBXProject;
			attributes = {
				LastUpgradeCheck = 0700;
				ORGANIZATIONNAME = "Alp Eren Can";
				TargetAttributes = {
					C7A2E4C41BAB49E000F8AA1E = {
						CreatedOnToolsVersion = 7.0;
					};
				};
			};
			buildConfigurationList = C7A2E4C01BAB49E000F8AA1E /* Build configuration list for PBXProject "Receipts++" */;
			compatibilityVersion = "Xcode 3.2";
			developmentRegion = English;
			hasScannedForEncodings = 0;
			knownRegions = (
				en,
				Base,
			);
			mainGroup = C7A2E4BC1BAB49E000F8AA1E;
			productRefGroup = C7A2E4C61BAB49E000F8AA1E /* Products */;
			projectDirPath = "";
			projectRoot = "";
			targets = (
				C7A2E4C41BAB49E000F8AA1E /* Receipts++ */,
			);
		};
/* End PBXProject section */

/* Begin PBXResourcesBuildPhase section */
		C7A2E4C31BAB49E000F8AA1E /* Resources */ = {
			isa = PBXResourcesBuildPhase;
			buildActionMask = 2147483647;
			files = (
				C7A2E4DB1BAB49E000F8AA1E /* LaunchScreen.storyboard in Resources */,
				C7A2E4D81BAB49E000F8AA1E /* Assets.xcassets in Resources */,
				C7A2E4D31BAB49E000F8AA1E /* Main.storyboard in Resources */,
			);
			runOnlyForDeploymentPostprocessing = 0;
		};
/* End PBXResourcesBuildPhase section */

/* Begin PBXSourcesBuildPhase section */
		C7A2E4C11BAB49E000F8AA1E /* Sources */ = {
			isa = PBXSourcesBuildPhase;
			buildActionMask = 2147483647;
			files = (
				C7A2E4ED1BAB506E00F8AA1E /* Tag+CoreDataProperties.m in Sources */,
				C7A2E4E41BAB4EFE00F8AA1E /* CoreDataStack.m in Sources */,
				C7A2E4D61BAB49E000F8AA1E /* Receipts__.xcdatamodeld in Sources */,
				C7A2E4EE1BAB506E00F8AA1E /* Tag.m in Sources */,
				C7A2E4D01BAB49E000F8AA1E /* ViewController.m in Sources */,
				C7A2E4CD1BAB49E000F8AA1E /* AppDelegate.m in Sources */,
				C7A2E4EF1BAB506E00F8AA1E /* Receipt+CoreDataProperties.m in Sources */,
				C7A2E4CA1BAB49E000F8AA1E /* main.m in Sources */,
				C7A2E51D1BAB644400F8AA1E /* AddEditViewController.m in Sources */,
				C7A2E4F01BAB506E00F8AA1E /* Receipt.m in Sources */,
			);
			runOnlyForDeploymentPostprocessing = 0;
		};
/* End PBXSourcesBuildPhase section */

/* Begin PBXVariantGroup section */
		C7A2E4D11BAB49E000F8AA1E /* Main.storyboard */ = {
			isa = PBXVariantGroup;
			children = (
				C7A2E4D21BAB49E000F8AA1E /* Base */,
			);
			name = Main.storyboard;
			sourceTree = "<group>";
		};
		C7A2E4D91BAB49E000F8AA1E /* LaunchScreen.storyboard */ = {
			isa = PBXVariantGroup;
			children = (
				C7A2E4DA1BAB49E000F8AA1E /* Base */,
			);
			name = LaunchScreen.storyboard;
			sourceTree = "<group>";
		};
/* End PBXVariantGroup section */

/* Begin XCBuildConfiguration section */
		C7A2E4DD1BAB49E000F8AA1E /* Debug */ = {
			isa = XCBuildConfiguration;
			buildSettings = {
				ALWAYS_SEARCH_USER_PATHS = NO;
				CLANG_CXX_LANGUAGE_STANDARD = "gnu++0x";
				CLANG_CXX_LIBRARY = "libc++";
				CLANG_ENABLE_MODULES = YES;
				CLANG_ENABLE_OBJC_ARC = YES;
				CLANG_WARN_BOOL_CONVERSION = YES;
				CLANG_WARN_CONSTANT_CONVERSION = YES;
				CLANG_WARN_DIRECT_OBJC_ISA_USAGE = YES_ERROR;
				CLANG_WARN_EMPTY_BODY = YES;
				CLANG_WARN_ENUM_CONVERSION = YES;
				CLANG_WARN_INT_CONVERSION = YES;
				CLANG_WARN_OBJC_ROOT_CLASS = YES_ERROR;
				CLANG_WARN_UNREACHABLE_CODE = YES;
				CLANG_WARN__DUPLICATE_METHOD_MATCH = YES;
				"CODE_SIGN_IDENTITY[sdk=iphoneos*]" = "iPhone Developer";
				COPY_PHASE_STRIP = NO;
				DEBUG_INFORMATION_FORMAT = dwarf;
				ENABLE_STRICT_OBJC_MSGSEND = YES;
				ENABLE_TESTABILITY = YES;
				GCC_C_LANGUAGE_STANDARD = gnu99;
				GCC_DYNAMIC_NO_PIC = NO;
				GCC_NO_COMMON_BLOCKS = YES;
				GCC_OPTIMIZATION_LEVEL = 0;
				GCC_PREPROCESSOR_DEFINITIONS = (
					"DEBUG=1",
					"$(inherited)",
				);
				GCC_WARN_64_TO_32_BIT_CONVERSION = YES;
				GCC_WARN_ABOUT_RETURN_TYPE = YES_ERROR;
				GCC_WARN_UNDECLARED_SELECTOR = YES;
				GCC_WARN_UNINITIALIZED_AUTOS = YES_AGGRESSIVE;
				GCC_WARN_UNUSED_FUNCTION = YES;
				GCC_WARN_UNUSED_VARIABLE = YES;
				IPHONEOS_DEPLOYMENT_TARGET = 9.0;
				MTL_ENABLE_DEBUG_INFO = YES;
				ONLY_ACTIVE_ARCH = YES;
				SDKROOT = iphoneos;
			};
			name = Debug;
		};
		C7A2E4DE1BAB49E000F8AA1E /* Release */ = {
			isa = XCBuildConfiguration;
			buildSettings = {
				ALWAYS_SEARCH_USER_PATHS = NO;
				CLANG_CXX_LANGUAGE_STANDARD = "gnu++0x";
				CLANG_CXX_LIBRARY = "libc++";
				CLANG_ENABLE_MODULES = YES;
				CLANG_ENABLE_OBJC_ARC = YES;
				CLANG_WARN_BOOL_CONVERSION = YES;
				CLANG_WARN_CONSTANT_CONVERSION = YES;
				CLANG_WARN_DIRECT_OBJC_ISA_USAGE = YES_ERROR;
				CLANG_WARN_EMPTY_BODY = YES;
				CLANG_WARN_ENUM_CONVERSION = YES;
				CLANG_WARN_INT_CONVERSION = YES;
				CLANG_WARN_OBJC_ROOT_CLASS = YES_ERROR;
				CLANG_WARN_UNREACHABLE_CODE = YES;
				CLANG_WARN__DUPLICATE_METHOD_MATCH = YES;
				"CODE_SIGN_IDENTITY[sdk=iphoneos*]" = "iPhone Developer";
				COPY_PHASE_STRIP = NO;
				DEBUG_INFORMATION_FORMAT = "dwarf-with-dsym";
				ENABLE_NS_ASSERTIONS = NO;
				ENABLE_STRICT_OBJC_MSGSEND = YES;
				GCC_C_LANGUAGE_STANDARD = gnu99;
				GCC_NO_COMMON_BLOCKS = YES;
				GCC_WARN_64_TO_32_BIT_CONVERSION = YES;
				GCC_WARN_ABOUT_RETURN_TYPE = YES_ERROR;
				GCC_WARN_UNDECLARED_SELECTOR = YES;
				GCC_WARN_UNINITIALIZED_AUTOS = YES_AGGRESSIVE;
				GCC_WARN_UNUSED_FUNCTION = YES;
				GCC_WARN_UNUSED_VARIABLE = YES;
				IPHONEOS_DEPLOYMENT_TARGET = 9.0;
				MTL_ENABLE_DEBUG_INFO = NO;
				SDKROOT = iphoneos;
				VALIDATE_PRODUCT = YES;
			};
			name = Release;
		};
		C7A2E4E01BAB49E000F8AA1E /* Debug */ = {
			isa = XCBuildConfiguration;
			buildSettings = {
				ASSETCATALOG_COMPILER_APPICON_NAME = AppIcon;
				INFOPLIST_FILE = "Receipts++/Info.plist";
				LD_RUNPATH_SEARCH_PATHS = "$(inherited) @executable_path/Frameworks";
				PRODUCT_BUNDLE_IDENTIFIER = "com.alperencan.Receipts--";
				PRODUCT_NAME = "$(TARGET_NAME)";
			};
			name = Debug;
		};
		C7A2E4E11BAB49E000F8AA1E /* Release */ = {
			isa = XCBuildConfiguration;
			buildSettings = {
				ASSETCATALOG_COMPILER_APPICON_NAME = AppIcon;
				INFOPLIST_FILE = "Receipts++/Info.plist";
				LD_RUNPATH_SEARCH_PATHS = "$(inherited) @executable_path/Frameworks";
				PRODUCT_BUNDLE_IDENTIFIER = "com.alperencan.Receipts--";
				PRODUCT_NAME = "$(TARGET_NAME)";
			};
			name = Release;
		};
/* End XCBuildConfiguration section */

/* Begin XCConfigurationList section */
		C7A2E4C01BAB49E000F8AA1E /* Build configuration list for PBXProject "Receipts++" */ = {
			isa = XCConfigurationList;
			buildConfigurations = (
				C7A2E4DD1BAB49E000F8AA1E /* Debug */,
				C7A2E4DE1BAB49E000F8AA1E /* Release */,
			);
			defaultConfigurationIsVisible = 0;
			defaultConfigurationName = Release;
		};
		C7A2E4DF1BAB49E000F8AA1E /* Build configuration list for PBXNativeTarget "Receipts++" */ = {
			isa = XCConfigurationList;
			buildConfigurations = (
				C7A2E4E01BAB49E000F8AA1E /* Debug */,
				C7A2E4E11BAB49E000F8AA1E /* Release */,
			);
			defaultConfigurationIsVisible = 0;
		};
/* End XCConfigurationList section */

/* Begin XCVersionGroup section */
		C7A2E4D41BAB49E000F8AA1E /* Receipts__.xcdatamodeld */ = {
			isa = XCVersionGroup;
			children = (
				C7A2E4D51BAB49E000F8AA1E /* Receipts__.xcdatamodel */,
			);
			currentVersion = C7A2E4D51BAB49E000F8AA1E /* Receipts__.xcdatamodel */;
			path = Receipts__.xcdatamodeld;
			sourceTree = "<group>";
			versionGroupType = wrapper.xcdatamodel;
		};
/* End XCVersionGroup section */
	};
	rootObject = C7A2E4BD1BAB49E000F8AA1E /* Project object */;
}
